PODS:
  - Alamofire (4.7.3)
  - AppAuth (0.92.0)
  - Bolts (1.9.0):
    - Bolts/AppLinks (= 1.9.0)
    - Bolts/Tasks (= 1.9.0)
  - Bolts/AppLinks (1.9.0):
    - Bolts/Tasks
  - Bolts/Tasks (1.9.0)
  - FFCircularProgressView (0.5)
  - Firebase/Core (5.4.1):
    - Firebase/CoreOnly
    - FirebaseAnalytics (= 5.0.1)
  - Firebase/CoreOnly (5.4.1):
    - FirebaseCore (= 5.0.6)
  - Firebase/Messaging (5.4.1):
    - Firebase/CoreOnly
    - FirebaseMessaging (= 3.0.3)
  - FirebaseAnalytics (5.0.1):
    - FirebaseCore (~> 5.0)
    - FirebaseInstanceID (~> 3.0)
    - "GoogleToolboxForMac/NSData+zlib (~> 2.1)"
    - nanopb (~> 0.3)
  - FirebaseCore (5.0.6):
    - "GoogleToolboxForMac/NSData+zlib (~> 2.1)"
  - FirebaseInstanceID (3.1.1):
    - FirebaseCore (~> 5.0)
  - FirebaseMessaging (3.0.3):
    - FirebaseCore (~> 5.0)
    - FirebaseInstanceID (~> 3.0)
    - GoogleToolboxForMac/Logger (~> 2.1)
    - Protobuf (~> 3.1)
  - GoogleAPIClientForREST/Core (1.2.1):
    - GTMSessionFetcher (>= 1.1.7)
  - GoogleAPIClientForREST/Sheets (1.2.1):
    - GoogleAPIClientForREST/Core
    - GTMSessionFetcher (>= 1.1.7)
  - GoogleSignIn (4.1.2):
    - "GoogleToolboxForMac/NSDictionary+URLArguments (~> 2.1)"
    - "GoogleToolboxForMac/NSString+URLArguments (~> 2.1)"
    - GTMOAuth2 (~> 1.0)
    - GTMSessionFetcher/Core (~> 1.1)
  - GoogleToolboxForMac/DebugUtils (2.1.4):
    - GoogleToolboxForMac/Defines (= 2.1.4)
  - GoogleToolboxForMac/Defines (2.1.4)
  - GoogleToolboxForMac/Logger (2.1.4):
    - GoogleToolboxForMac/Defines (= 2.1.4)
  - "GoogleToolboxForMac/NSData+zlib (2.1.4)":
    - GoogleToolboxForMac/Defines (= 2.1.4)
  - "GoogleToolboxForMac/NSDictionary+URLArguments (2.1.4)":
    - GoogleToolboxForMac/DebugUtils (= 2.1.4)
    - GoogleToolboxForMac/Defines (= 2.1.4)
    - "GoogleToolboxForMac/NSString+URLArguments (= 2.1.4)"
  - "GoogleToolboxForMac/NSString+URLArguments (2.1.4)"
  - GTMAppAuth (0.7.0):
    - AppAuth (~> 0.92.0)
    - GTMSessionFetcher (~> 1.1)
  - GTMOAuth2 (1.1.6):
    - GTMSessionFetcher (~> 1.1)
  - GTMSessionFetcher (1.2.0):
    - GTMSessionFetcher/Full (= 1.2.0)
  - GTMSessionFetcher/Core (1.2.0)
  - GTMSessionFetcher/Full (1.2.0):
    - GTMSessionFetcher/Core (= 1.2.0)
  - nanopb (0.3.8):
    - nanopb/decode (= 0.3.8)
    - nanopb/encode (= 0.3.8)
  - nanopb/decode (0.3.8)
  - nanopb/encode (0.3.8)
  - Protobuf (3.6.0)
  - QMChatViewController (0.6.6):
    - FFCircularProgressView
    - QMChatViewController/Categories (= 0.6.6)
    - QMChatViewController/Protocols (= 0.6.6)
    - QMChatViewController/QMChatDataSource (= 0.6.6)
    - QMChatViewController/QMChatLocationSnapshotter (= 0.6.6)
    - QMChatViewController/Utils (= 0.6.6)
    - QMChatViewController/Views (= 0.6.6)
    - QuickBlox
    - SDWebImage
    - TTTAttributedLabel
  - QMChatViewController/Categories (0.6.6):
    - FFCircularProgressView
    - QuickBlox
    - SDWebImage
    - TTTAttributedLabel
  - QMChatViewController/Protocols (0.6.6):
    - FFCircularProgressView
    - QuickBlox
    - SDWebImage
    - TTTAttributedLabel
  - QMChatViewController/QMChatDataSource (0.6.6):
    - FFCircularProgressView
    - QMChatViewController/Utils
    - QuickBlox
    - SDWebImage
    - TTTAttributedLabel
  - QMChatViewController/QMChatLocationSnapshotter (0.6.6):
    - FFCircularProgressView
    - QMChatViewController/Utils
    - QuickBlox
    - SDWebImage
    - TTTAttributedLabel
  - QMChatViewController/Utils (0.6.6):
    - FFCircularProgressView
    - QMChatViewController/Categories
    - QuickBlox
    - SDWebImage
    - TTTAttributedLabel
  - QMChatViewController/Views (0.6.6):
    - FFCircularProgressView
    - QMChatViewController/Categories
    - QMChatViewController/Protocols
    - QMChatViewController/Utils
    - QuickBlox
    - SDWebImage
    - TTTAttributedLabel
  - QMServices (0.6.2):
    - Bolts (>= 1.9.0)
    - QuickBlox (>= 2.17)
  - QuickBlox (2.17.1)
  - SDWebImage (4.4.2):
    - SDWebImage/Core (= 4.4.2)
  - SDWebImage/Core (4.4.2)
  - TTTAttributedLabel (2.0.0)

DEPENDENCIES:
  - Alamofire (~> 4.0)
  - Firebase/Core
  - Firebase/Messaging
  - GoogleAPIClientForREST/Sheets (~> 1.2.1)
  - GoogleSignIn (~> 4.1.1)
  - GTMAppAuth
  - QMChatViewController
  - QMServices
  - QuickBlox
  - SDWebImage (~> 4.0)

SPEC REPOS:
  https://github.com/cocoapods/specs.git:
    - Alamofire
    - AppAuth
    - Bolts
    - FFCircularProgressView
    - Firebase
    - FirebaseAnalytics
    - FirebaseCore
    - FirebaseInstanceID
    - FirebaseMessaging
    - GoogleAPIClientForREST
    - GoogleSignIn
    - GoogleToolboxForMac
    - GTMAppAuth
    - GTMOAuth2
    - GTMSessionFetcher
    - nanopb
    - Protobuf
    - QMChatViewController
    - QMServices
    - QuickBlox
    - SDWebImage
    - TTTAttributedLabel

SPEC CHECKSUMS:
  Alamofire: c7287b6e5d7da964a70935e5db17046b7fde6568
  AppAuth: 3f4f1d6d85ad631d0bbf15ffcdc10c447face97a
  Bolts: ac6567323eac61e203f6a9763667d0f711be34c8
  FFCircularProgressView: 683a4ab1e1bd613246a3dffa61503ffdebcde8d8
  Firebase: 355bd535bfdacaa82a7fe8d9784115edefd6fc03
  FirebaseAnalytics: b3628aea54c50464c32c393fb2ea032566e7ecc2
  FirebaseCore: 4c28e3b9708ba48a765e76515f913a71596eb5dd
  FirebaseInstanceID: f3f0657372592ecdfdfe2cac604a5a75758376a6
  FirebaseMessaging: f43eb0c0e1da096e659de6f713038e74862a62cd
  GoogleAPIClientForREST: a8b95a252014ce2e618df6b75dc72eca2c00b4af
  GoogleSignIn: d9ef55b10f0aa401a5de2747f59b725e4b9732ac
  GoogleToolboxForMac: 91c824d21e85b31c2aae9bb011c5027c9b4e738f
  GTMAppAuth: 8d724be29ab8f2f6d35b2bf929d76340c9d1f1b1
  GTMOAuth2: c77fe325e4acd453837e72d91e3b5f13116857b2
  GTMSessionFetcher: 0c4baf0a73acd0041bf9f71ea018deedab5ea84e
  nanopb: 5601e6bca2dbf1ed831b519092ec110f66982ca3
  Protobuf: 0fc0ad8bec688b2a3017a139953e01374fedbd5f
  QMChatViewController: 43e22929d4abbdb88cc5db5b25c54f13dbfe8373
  QMServices: 96ee12749db0497cfb6543db9c4b11e8f913e2d7
  QuickBlox: b8c327b61db8382880bd41185703acf228105a1c
  SDWebImage: 624d6e296c69b244bcede364c72ae0430ac14681
  TTTAttributedLabel: 8cffe8e127e4e82ff3af1e5386d4cd0ad000b656

PODFILE CHECKSUM: c91c2e2e12469769cf3c55817ccdc5608b8eaeda

COCOAPODS: 1.5.3
